
Microsoft Visual Studio Solution File, Format Version 11.00
# Visual Studio 2010
Project("{8BC9CEB8-8B4A-11D0-8D11-00A0C91BC942}") = "json-dpfinal", "json-dpfinal.vcxproj", "{002309B6-1317-739C-C6AA-DE69890D0A21}"
EndProject
Global
	GlobalSection(SolutionConfigurationPlatforms) = preSolution
		Debug|Win32 = Debug|Win32
		Release|Win32 = Release|Win32
	EndGlobalSection
	GlobalSection(ProjectConfigurationPlatforms) = postSolution
		{002309B6-1317-739C-C6AA-DE69890D0A21}.Debug|Win32.ActiveCfg = Debug|Win32
		{002309B6-1317-739C-C6AA-DE69890D0A21}.Debug|Win32.Build.0 = Debug|Win32
		{002309B6-1317-739C-C6AA-DE69890D0A21}.Release|Win32.ActiveCfg = Release|Win32
		{002309B6-1317-739C-C6AA-DE69890D0A21}.Release|Win32.Build.0 = Release|Win32
	EndGlobalSection
	GlobalSection(SolutionProperties) = preSolution
		HideSolutionNode = FALSE
	EndGlobalSection
EndGlobal
